
Microsoft Visual Studio Solution File, Format Version 12.00
# Visual Studio Version 17
VisualStudioVersion = 17.5.33627.172
MinimumVisualStudioVersion = 10.0.40219.1
Project("{FAE04EC0-301F-11D3-BF4B-00C04F79EFBC}") = "Izjeme", "Izjeme\Izjeme.csproj", "{37382C45-6F93-4033-8281-34903350E57F}"
EndProject
Global
	GlobalSection(SolutionConfigurationPlatforms) = preSolution
		Debug|Any CPU = Debug|Any CPU
		Release|Any CPU = Release|Any CPU
	EndGlobalSection
	GlobalSection(ProjectConfigurationPlatforms) = postSolution
		{37382C45-6F93-4033-8281-34903350E57F}.Debug|Any CPU.ActiveCfg = Debug|Any CPU
		{37382C45-6F93-4033-8281-34903350E57F}.Debug|Any CPU.Build.0 = Debug|Any CPU
		{37382C45-6F93-4033-8281-34903350E57F}.Release|Any CPU.ActiveCfg = Release|Any CPU
		{37382C45-6F93-4033-8281-34903350E57F}.Release|Any CPU.Build.0 = Release|Any CPU
	EndGlobalSection
	GlobalSection(SolutionProperties) = preSolution
		HideSolutionNode = FALSE
	EndGlobalSection
	GlobalSection(ExtensibilityGlobals) = postSolution
		SolutionGuid = {2069F5A8-017E-4DB3-B876-8BFECF5A91C6}
	EndGlobalSection
EndGlobal
