
Microsoft Visual Studio Solution File, Format Version 12.00
# Visual Studio Version 17
VisualStudioVersion = 17.5.33627.172
MinimumVisualStudioVersion = 10.0.40219.1
Project("{FAE04EC0-301F-11D3-BF4B-00C04F79EFBC}") = "GoFish2", "GoFish2\GoFish2.csproj", "{D9B259B6-73B8-41B4-B40D-47EF561AE84C}"
EndProject
Global
	GlobalSection(SolutionConfigurationPlatforms) = preSolution
		Debug|Any CPU = Debug|Any CPU
		Release|Any CPU = Release|Any CPU
	EndGlobalSection
	GlobalSection(ProjectConfigurationPlatforms) = postSolution
		{D9B259B6-73B8-41B4-B40D-47EF561AE84C}.Debug|Any CPU.ActiveCfg = Debug|Any CPU
		{D9B259B6-73B8-41B4-B40D-47EF561AE84C}.Debug|Any CPU.Build.0 = Debug|Any CPU
		{D9B259B6-73B8-41B4-B40D-47EF561AE84C}.Release|Any CPU.ActiveCfg = Release|Any CPU
		{D9B259B6-73B8-41B4-B40D-47EF561AE84C}.Release|Any CPU.Build.0 = Release|Any CPU
	EndGlobalSection
	GlobalSection(SolutionProperties) = preSolution
		HideSolutionNode = FALSE
	EndGlobalSection
	GlobalSection(ExtensibilityGlobals) = postSolution
		SolutionGuid = {3F431184-9EE8-480B-9217-FD2F2F09A9A3}
	EndGlobalSection
EndGlobal
