
Microsoft Visual Studio Solution File, Format Version 12.00
# Visual Studio Version 17
VisualStudioVersion = 17.5.33627.172
MinimumVisualStudioVersion = 10.0.40219.1
Project("{FAE04EC0-301F-11D3-BF4B-00C04F79EFBC}") = "Standardi", "Standardi\Standardi.csproj", "{3C41F6E9-BB47-48E9-AC0B-907FA71B3954}"
EndProject
Global
	GlobalSection(SolutionConfigurationPlatforms) = preSolution
		Debug|Any CPU = Debug|Any CPU
		Release|Any CPU = Release|Any CPU
	EndGlobalSection
	GlobalSection(ProjectConfigurationPlatforms) = postSolution
		{3C41F6E9-BB47-48E9-AC0B-907FA71B3954}.Debug|Any CPU.ActiveCfg = Debug|Any CPU
		{3C41F6E9-BB47-48E9-AC0B-907FA71B3954}.Debug|Any CPU.Build.0 = Debug|Any CPU
		{3C41F6E9-BB47-48E9-AC0B-907FA71B3954}.Release|Any CPU.ActiveCfg = Release|Any CPU
		{3C41F6E9-BB47-48E9-AC0B-907FA71B3954}.Release|Any CPU.Build.0 = Release|Any CPU
	EndGlobalSection
	GlobalSection(SolutionProperties) = preSolution
		HideSolutionNode = FALSE
	EndGlobalSection
	GlobalSection(ExtensibilityGlobals) = postSolution
		SolutionGuid = {69DEDE09-C822-43F3-888C-9616B5E5C873}
	EndGlobalSection
EndGlobal
