
Microsoft Visual Studio Solution File, Format Version 12.00
# Visual Studio Version 17
VisualStudioVersion = 17.5.33627.172
MinimumVisualStudioVersion = 10.0.40219.1
Project("{FAE04EC0-301F-11D3-BF4B-00C04F79EFBC}") = "LinqPoizvedbe", "LinqPoizvedbe\LinqPoizvedbe.csproj", "{B96F44CC-430F-4E93-99E5-4346804C3A81}"
EndProject
Global
	GlobalSection(SolutionConfigurationPlatforms) = preSolution
		Debug|Any CPU = Debug|Any CPU
		Release|Any CPU = Release|Any CPU
	EndGlobalSection
	GlobalSection(ProjectConfigurationPlatforms) = postSolution
		{B96F44CC-430F-4E93-99E5-4346804C3A81}.Debug|Any CPU.ActiveCfg = Debug|Any CPU
		{B96F44CC-430F-4E93-99E5-4346804C3A81}.Debug|Any CPU.Build.0 = Debug|Any CPU
		{B96F44CC-430F-4E93-99E5-4346804C3A81}.Release|Any CPU.ActiveCfg = Release|Any CPU
		{B96F44CC-430F-4E93-99E5-4346804C3A81}.Release|Any CPU.Build.0 = Release|Any CPU
	EndGlobalSection
	GlobalSection(SolutionProperties) = preSolution
		HideSolutionNode = FALSE
	EndGlobalSection
	GlobalSection(ExtensibilityGlobals) = postSolution
		SolutionGuid = {8FADC044-0658-4D73-8DAE-C7443C98A333}
	EndGlobalSection
EndGlobal
