
Microsoft Visual Studio Solution File, Format Version 12.00
# Visual Studio Version 17
VisualStudioVersion = 17.5.33627.172
MinimumVisualStudioVersion = 10.0.40219.1
Project("{FAE04EC0-301F-11D3-BF4B-00C04F79EFBC}") = "Povezan dostop (Baze podatkov)", "Povezan dostop (Baze podatkov)\Povezan dostop (Baze podatkov).csproj", "{2CB6BDF1-F4DA-4B93-8FE6-FE6AF8A0183D}"
EndProject
Global
	GlobalSection(SolutionConfigurationPlatforms) = preSolution
		Debug|Any CPU = Debug|Any CPU
		Release|Any CPU = Release|Any CPU
	EndGlobalSection
	GlobalSection(ProjectConfigurationPlatforms) = postSolution
		{2CB6BDF1-F4DA-4B93-8FE6-FE6AF8A0183D}.Debug|Any CPU.ActiveCfg = Debug|Any CPU
		{2CB6BDF1-F4DA-4B93-8FE6-FE6AF8A0183D}.Debug|Any CPU.Build.0 = Debug|Any CPU
		{2CB6BDF1-F4DA-4B93-8FE6-FE6AF8A0183D}.Release|Any CPU.ActiveCfg = Release|Any CPU
		{2CB6BDF1-F4DA-4B93-8FE6-FE6AF8A0183D}.Release|Any CPU.Build.0 = Release|Any CPU
	EndGlobalSection
	GlobalSection(SolutionProperties) = preSolution
		HideSolutionNode = FALSE
	EndGlobalSection
	GlobalSection(ExtensibilityGlobals) = postSolution
		SolutionGuid = {61857FA5-7EED-42CD-AC30-E06942E8679C}
	EndGlobalSection
EndGlobal
